
Microsoft Visual Studio Solution File, Format Version 12.00
# Visual Studio Version 17
VisualStudioVersion = 17.0.31903.59
MinimumVisualStudioVersion = 10.0.40219.1
Project("{FAE04EC0-301F-11D3-BF4B-00C04F79EFBC}") = "Задание 23", "Задание 23\Задание 23.csproj", "{B5CF8B2C-C877-4855-8400-296C33C81BA2}"
EndProject
Global
	GlobalSection(SolutionConfigurationPlatforms) = preSolution
		Debug|Any CPU = Debug|Any CPU
		Release|Any CPU = Release|Any CPU
	EndGlobalSection
	GlobalSection(ProjectConfigurationPlatforms) = postSolution
		{B5CF8B2C-C877-4855-8400-296C33C81BA2}.Debug|Any CPU.ActiveCfg = Debug|Any CPU
		{B5CF8B2C-C877-4855-8400-296C33C81BA2}.Debug|Any CPU.Build.0 = Debug|Any CPU
		{B5CF8B2C-C877-4855-8400-296C33C81BA2}.Release|Any CPU.ActiveCfg = Release|Any CPU
		{B5CF8B2C-C877-4855-8400-296C33C81BA2}.Release|Any CPU.Build.0 = Release|Any CPU
	EndGlobalSection
	GlobalSection(SolutionProperties) = preSolution
		HideSolutionNode = FALSE
	EndGlobalSection
	GlobalSection(ExtensibilityGlobals) = postSolution
		SolutionGuid = {54B0E958-5737-44A0-8AD8-2DB44ABA227D}
	EndGlobalSection
EndGlobal
